<?xml version="1.0" encoding="UTF-8"?>
<CONFIG>
  <ProjectOptions>
    <Version Value="11"/>
    <PathDelim Value="\"/>
    <General>
      <SessionStorage Value="InProjectDir"/>
      <MainUnit Value="0"/>
      <Title Value="SmartSetMasterOffice"/>
      <ResourceType Value="res"/>
      <UseXPManifest Value="True"/>
      <Icon Value="0"/>
    </General>
    <VersionInfo>
      <UseVersionInfo Value="True"/>
      <MinorVersionNr Value="3"/>
      <StringTable CompanyName="Kinesis Corporation"/>
    </VersionInfo>
    <BuildModes Count="1">
      <Item1 Name="Default" Default="True"/>
    </BuildModes>
    <PublishOptions>
      <Version Value="2"/>
      <UseFileFilters Value="True"/>
    </PublishOptions>
    <RunParams>
      <FormatVersion Value="2"/>
      <Modes Count="0"/>
    </RunParams>
    <RequiredPackages Count="9">
      <Item1>
        <PackageName Value="installpkg"/>
      </Item1>
      <Item2>
        <PackageName Value="creosource"/>
      </Item2>
      <Item3>
        <PackageName Value="bgracontrols"/>
      </Item3>
      <Item4>
        <PackageName Value="richmemopackage"/>
      </Item4>
      <Item5>
        <PackageName Value="gifviewer_pkg"/>
      </Item5>
      <Item6>
        <PackageName Value="uEControls"/>
      </Item6>
      <Item7>
        <PackageName Value="mbColorLibLaz"/>
      </Item7>
      <Item8>
        <PackageName Value="eccontrols"/>
      </Item8>
      <Item9>
        <PackageName Value="LCL"/>
      </Item9>
    </RequiredPackages>
    <Units Count="6">
      <Unit0>
        <Filename Value="SmartSetMasterOffice.lpr"/>
        <IsPartOfProject Value="True"/>
      </Unit0>
      <Unit1>
        <Filename Value="u_form_about_master.pas"/>
        <IsPartOfProject Value="True"/>
        <ComponentName Value="FormAboutMaster"/>
        <HasResources Value="True"/>
        <ResourceBaseClass Value="Form"/>
      </Unit1>
      <Unit2>
        <Filename Value="u_form_dashboard.pas"/>
        <IsPartOfProject Value="True"/>
        <ComponentName Value="FormDashboard"/>
        <HasResources Value="True"/>
        <ResourceBaseClass Value="Form"/>
      </Unit2>
      <Unit3>
        <Filename Value="u_form_scanvdrive.pas"/>
        <IsPartOfProject Value="True"/>
        <ComponentName Value="FormScanVDrive"/>
        <HasResources Value="True"/>
        <ResourceBaseClass Value="Form"/>
      </Unit3>
      <Unit4>
        <Filename Value="..\Common\u_const.pas"/>
        <IsPartOfProject Value="True"/>
      </Unit4>
      <Unit5>
        <Filename Value="..\Common\u_led_ind.pas"/>
        <IsPartOfProject Value="True"/>
      </Unit5>
    </Units>
  </ProjectOptions>
  <CompilerOptions>
    <Version Value="11"/>
    <PathDelim Value="\"/>
    <Target>
      <Filename Value="SmartSetMasterErgo (PC)"/>
    </Target>
    <SearchPaths>
      <IncludeFiles Value="$(ProjOutDir)"/>
      <OtherUnitFiles Value="..\Common;..\Components\nsunits-src;..\Components\internettools\internet;..\Components\internettools\system;..\Components\internettools\data;..\SmartSetAdv2;..\SmartSetAdv360;..\SmartSetFSEdgePro;..\SmartSetSavantElite"/>
      <UnitOutputDirectory Value="lib\$(TargetCPU)-$(TargetOS)"/>
    </SearchPaths>
    <Parsing>
      <SyntaxOptions>
        <IncludeAssertionCode Value="True"/>
      </SyntaxOptions>
    </Parsing>
    <CodeGeneration>
      <Optimizations>
        <OptimizationLevel Value="0"/>
      </Optimizations>
    </CodeGeneration>
    <Linking>
      <Debugging>
        <GenerateDebugInfo Value="False"/>
        <DebugInfoType Value="dsDwarf2Set"/>
        <UseHeaptrc Value="True"/>
        <StripSymbols Value="True"/>
      </Debugging>
      <LinkSmart Value="True"/>
      <Options>
        <Win32>
          <GraphicApplication Value="True"/>
        </Win32>
      </Options>
    </Linking>
  </CompilerOptions>
  <Debugging>
    <Exceptions Count="3">
      <Item1>
        <Name Value="EAbort"/>
      </Item1>
      <Item2>
        <Name Value="ECodetoolError"/>
      </Item2>
      <Item3>
        <Name Value="EFOpenError"/>
      </Item3>
    </Exceptions>
  </Debugging>
</CONFIG>
