<?xml version="1.0" encoding="UTF-8"?>
<CONFIG>
  <ProjectOptions>
    <Version Value="11"/>
    <PathDelim Value="\"/>
    <General>
      <SessionStorage Value="InProjectDir"/>
      <MainUnit Value="0"/>
      <Title Value="SmartSetTKO"/>
      <Scaled Value="True"/>
      <ResourceType Value="res"/>
      <UseXPManifest Value="True"/>
      <XPManifest>
        <DpiAware Value="True"/>
      </XPManifest>
      <Icon Value="0"/>
    </General>
    <BuildModes Count="1">
      <Item1 Name="Default" Default="True"/>
    </BuildModes>
    <PublishOptions>
      <Version Value="2"/>
      <UseFileFilters Value="True"/>
    </PublishOptions>
    <RunParams>
      <FormatVersion Value="2"/>
      <Modes Count="0"/>
    </RunParams>
    <RequiredPackages Count="9">
      <Item1>
        <PackageName Value="installpkg"/>
      </Item1>
      <Item2>
        <PackageName Value="creosource"/>
      </Item2>
      <Item3>
        <PackageName Value="bgracontrols"/>
      </Item3>
      <Item4>
        <PackageName Value="richmemopackage"/>
      </Item4>
      <Item5>
        <PackageName Value="gifviewer_pkg"/>
      </Item5>
      <Item6>
        <PackageName Value="uEControls"/>
      </Item6>
      <Item7>
        <PackageName Value="mbColorLibLaz"/>
      </Item7>
      <Item8>
        <PackageName Value="eccontrols"/>
      </Item8>
      <Item9>
        <PackageName Value="LCL"/>
      </Item9>
    </RequiredPackages>
    <Units Count="2">
      <Unit0>
        <Filename Value="SmartSetTKO.lpr"/>
        <IsPartOfProject Value="True"/>
      </Unit0>
      <Unit1>
        <Filename Value="u_form_main_tko.pas"/>
        <IsPartOfProject Value="True"/>
        <ComponentName Value="FormMainTKO"/>
        <HasResources Value="True"/>
        <ResourceBaseClass Value="Form"/>
      </Unit1>
    </Units>
  </ProjectOptions>
  <CompilerOptions>
    <Version Value="11"/>
    <PathDelim Value="\"/>
    <Target>
      <Filename Value="SmartSetTKO"/>
    </Target>
    <SearchPaths>
      <IncludeFiles Value="$(ProjOutDir)"/>
      <OtherUnitFiles Value="..\Common;..\Components\internettools\data;..\Components\internettools\system;..\Components\internettools\internet;..\Components\nsunits-src;..\SmartSetTKO;..\Components\synapse40\source\lib;..\SmartSetMaster;..\SmartSetRGB"/>
      <UnitOutputDirectory Value="lib\$(TargetCPU)-$(TargetOS)"/>
    </SearchPaths>
    <Linking>
      <Options>
        <Win32>
          <GraphicApplication Value="True"/>
        </Win32>
      </Options>
    </Linking>
  </CompilerOptions>
  <Debugging>
    <Exceptions Count="3">
      <Item1>
        <Name Value="EAbort"/>
      </Item1>
      <Item2>
        <Name Value="ECodetoolError"/>
      </Item2>
      <Item3>
        <Name Value="EFOpenError"/>
      </Item3>
    </Exceptions>
  </Debugging>
</CONFIG>
