<?xml version="1.0" encoding="UTF-8"?>
<CONFIG>
  <ProjectOptions>
    <Version Value="11"/>
    <PathDelim Value="\"/>
    <General>
      <SessionStorage Value="InProjectDir"/>
      <MainUnit Value="0"/>
      <Title Value="SE2 SmartSet App (Mac)"/>
      <ResourceType Value="res"/>
      <UseXPManifest Value="True"/>
      <Icon Value="0"/>
    </General>
    <i18n>
      <EnableI18N LFM="False"/>
    </i18n>
    <VersionInfo>
      <UseVersionInfo Value="True"/>
      <MajorVersionNr Value="1"/>
      <MinorVersionNr Value="1"/>
      <RevisionNr Value="1"/>
      <StringTable CompanyName="Kinesis Corporation"/>
    </VersionInfo>
    <MacroValues Count="1">
      <Macro1 Name="LCLWidgetType" Value="cocoa"/>
    </MacroValues>
    <BuildModes Count="1">
      <Item1 Name="Default" Default="True"/>
    </BuildModes>
    <PublishOptions>
      <Version Value="2"/>
    </PublishOptions>
    <RunParams>
      <FormatVersion Value="2"/>
      <Modes Count="1">
        <Mode0 Name="default"/>
      </Modes>
    </RunParams>
    <RequiredPackages Count="2">
      <Item1>
        <PackageName Value="richmemopackage"/>
      </Item1>
      <Item2>
        <PackageName Value="LCL"/>
      </Item2>
    </RequiredPackages>
    <Units Count="12">
      <Unit0>
        <Filename Value="SE2ConfigAppWin.lpr"/>
        <IsPartOfProject Value="True"/>
      </Unit0>
      <Unit1>
        <Filename Value="u_keys.pas"/>
        <IsPartOfProject Value="True"/>
        <UnitName Value="U_Keys"/>
      </Unit1>
      <Unit2>
        <Filename Value="u_key_service.pas"/>
        <IsPartOfProject Value="True"/>
      </Unit2>
      <Unit3>
        <Filename Value="u_debug.pas"/>
        <IsPartOfProject Value="True"/>
      </Unit3>
      <Unit4>
        <Filename Value="u_const.pas"/>
        <IsPartOfProject Value="True"/>
      </Unit4>
      <Unit5>
        <Filename Value="u_form_keypress.pas"/>
        <IsPartOfProject Value="True"/>
        <ComponentName Value="FormKeyPress"/>
        <HasResources Value="True"/>
        <ResourceBaseClass Value="Form"/>
      </Unit5>
      <Unit6>
        <Filename Value="u_file_service.pas"/>
        <IsPartOfProject Value="True"/>
      </Unit6>
      <Unit7>
        <Filename Value="u_form_about.pas"/>
        <IsPartOfProject Value="True"/>
        <ComponentName Value="FormAbout"/>
        <HasResources Value="True"/>
        <ResourceBaseClass Value="Form"/>
      </Unit7>
      <Unit8>
        <Filename Value="versionsupport.pas"/>
        <IsPartOfProject Value="True"/>
        <UnitName Value="VersionSupport"/>
      </Unit8>
      <Unit9>
        <Filename Value="userdialog.pas"/>
        <IsPartOfProject Value="True"/>
        <ComponentName Value="FormUserDialog"/>
        <HasResources Value="True"/>
        <ResourceBaseClass Value="Form"/>
        <UnitName Value="UserDialog"/>
      </Unit9>
      <Unit10>
        <Filename Value="u_keyboardlayout.pas"/>
        <IsPartOfProject Value="True"/>
        <UnitName Value="u_KeyboardLayout"/>
      </Unit10>
      <Unit11>
        <Filename Value="u_keyexception.pas"/>
        <IsPartOfProject Value="True"/>
      </Unit11>
    </Units>
  </ProjectOptions>
  <CompilerOptions>
    <Version Value="11"/>
    <PathDelim Value="\"/>
    <Target>
      <Filename Value="SE2 SmartSet App (Mac)"/>
    </Target>
    <SearchPaths>
      <IncludeFiles Value="$(ProjOutDir)"/>
      <UnitOutputDirectory Value="lib\$(TargetCPU)-$(TargetOS)"/>
    </SearchPaths>
    <Parsing>
      <SyntaxOptions>
        <IncludeAssertionCode Value="True"/>
      </SyntaxOptions>
    </Parsing>
    <CodeGeneration>
      <Optimizations>
        <OptimizationLevel Value="0"/>
      </Optimizations>
    </CodeGeneration>
    <Linking>
      <Debugging>
        <GenerateDebugInfo Value="False"/>
        <DebugInfoType Value="dsDwarf2Set"/>
        <StripSymbols Value="True"/>
      </Debugging>
      <LinkSmart Value="True"/>
      <Options>
        <Win32>
          <GraphicApplication Value="True"/>
        </Win32>
      </Options>
    </Linking>
  </CompilerOptions>
  <Debugging>
    <Exceptions Count="3">
      <Item1>
        <Name Value="EAbort"/>
      </Item1>
      <Item2>
        <Name Value="ECodetoolError"/>
      </Item2>
      <Item3>
        <Name Value="EFOpenError"/>
      </Item3>
    </Exceptions>
  </Debugging>
</CONFIG>
